// !$*UTF8*$!
{
	archiveVersion = 1;
	classes = {
	};
	objectVersion = 77;
	objects = {

/* Begin PBXBuildFile section */
		0084CC9214FE63F64BD438CC /* Pods_aura.framework in Frameworks */ = {isa = PBXBuildFile; fileRef = 764AA8BE3E6D1704A5BAD963 /* Pods_aura.framework */; };
/* End PBXBuildFile section */

/* Begin PBXContainerItemProxy section */
		FDB0D2A72CF0F3CB00FEDCF6 /* PBXContainerItemProxy */ = {
			isa = PBXContainerItemProxy;
			containerPortal = FDB0D28E2CF0F3CA00FEDCF6 /* Project object */;
			proxyType = 1;
			remoteGlobalIDString = FDB0D2952CF0F3CA00FEDCF6;
			remoteInfo = aura;
		};
		FDB0D2B12CF0F3CB00FEDCF6 /* PBXContainerItemProxy */ = {
			isa = PBXContainerItemProxy;
			containerPortal = FDB0D28E2CF0F3CA00FEDCF6 /* Project object */;
			proxyType = 1;
			remoteGlobalIDString = FDB0D2952CF0F3CA00FEDCF6;
			remoteInfo = aura;
		};
/* End PBXContainerItemProxy section */

/* Begin PBXFileReference section */
		0EEFC8477A967408F44E71A7 /* Pods-aura.release.xcconfig */ = {isa = PBXFileReference; includeInIndex = 1; lastKnownFileType = text.xcconfig; name = "Pods-aura.release.xcconfig"; path = "Target Support Files/Pods-aura/Pods-aura.release.xcconfig"; sourceTree = "<group>"; };
		764AA8BE3E6D1704A5BAD963 /* Pods_aura.framework */ = {isa = PBXFileReference; explicitFileType = wrapper.framework; includeInIndex = 0; path = Pods_aura.framework; sourceTree = BUILT_PRODUCTS_DIR; };
		7D81EDF3E1F686BBB5B6FDA9 /* Pods-aura.debug.xcconfig */ = {isa = PBXFileReference; includeInIndex = 1; lastKnownFileType = text.xcconfig; name = "Pods-aura.debug.xcconfig"; path = "Target Support Files/Pods-aura/Pods-aura.debug.xcconfig"; sourceTree = "<group>"; };
		FDB0D2962CF0F3CA00FEDCF6 /* aura.app */ = {isa = PBXFileReference; explicitFileType = wrapper.application; includeInIndex = 0; path = aura.app; sourceTree = BUILT_PRODUCTS_DIR; };
		FDB0D2A62CF0F3CB00FEDCF6 /* auraTests.xctest */ = {isa = PBXFileReference; explicitFileType = wrapper.cfbundle; includeInIndex = 0; path = auraTests.xctest; sourceTree = BUILT_PRODUCTS_DIR; };
		FDB0D2B02CF0F3CB00FEDCF6 /* auraUITests.xctest */ = {isa = PBXFileReference; explicitFileType = wrapper.cfbundle; includeInIndex = 0; path = auraUITests.xctest; sourceTree = BUILT_PRODUCTS_DIR; };
/* End PBXFileReference section */

/* Begin PBXFileSystemSynchronizedBuildFileExceptionSet section */
		FDDEEC4C2CF43D5B009EAD11 /* Exceptions for "aura" folder in "aura" target */ = {
			isa = PBXFileSystemSynchronizedBuildFileExceptionSet;
			membershipExceptions = (
				Info.plist,
			);
			target = FDB0D2952CF0F3CA00FEDCF6 /* aura */;
		};
/* End PBXFileSystemSynchronizedBuildFileExceptionSet section */

/* Begin PBXFileSystemSynchronizedRootGroup section */
		FDB0D2982CF0F3CA00FEDCF6 /* aura */ = {
			isa = PBXFileSystemSynchronizedRootGroup;
			exceptions = (
				FDDEEC4C2CF43D5B009EAD11 /* Exceptions for "aura" folder in "aura" target */,
			);
			path = aura;
			sourceTree = "<group>";
		};
		FDB0D2A92CF0F3CB00FEDCF6 /* auraTests */ = {
			isa = PBXFileSystemSynchronizedRootGroup;
			path = auraTests;
			sourceTree = "<group>";
		};
		FDB0D2B32CF0F3CB00FEDCF6 /* auraUITests */ = {
			isa = PBXFileSystemSynchronizedRootGroup;
			path = auraUITests;
			sourceTree = "<group>";
		};
/* End PBXFileSystemSynchronizedRootGroup section */

/* Begin PBXFrameworksBuildPhase section */
		FDB0D2932CF0F3CA00FEDCF6 /* Frameworks */ = {
			isa = PBXFrameworksBuildPhase;
			buildActionMask = 2147483647;
			files = (
				0084CC9214FE63F64BD438CC /* Pods_aura.framework in Frameworks */,
			);
			runOnlyForDeploymentPostprocessing = 0;
		};
		FDB0D2A32CF0F3CB00FEDCF6 /* Frameworks */ = {
			isa = PBXFrameworksBuildPhase;
			buildActionMask = 2147483647;
			files = (
			);
			runOnlyForDeploymentPostprocessing = 0;
		};
		FDB0D2AD2CF0F3CB00FEDCF6 /* Frameworks */ = {
			isa = PBXFrameworksBuildPhase;
			buildActionMask = 2147483647;
			files = (
			);
			runOnlyForDeploymentPostprocessing = 0;
		};
/* End PBXFrameworksBuildPhase section */

/* Begin PBXGroup section */
		A915AEFB386A2B47447FF709 /* Pods */ = {
			isa = PBXGroup;
			children = (
				7D81EDF3E1F686BBB5B6FDA9 /* Pods-aura.debug.xcconfig */,
				0EEFC8477A967408F44E71A7 /* Pods-aura.release.xcconfig */,
			);
			path = Pods;
			sourceTree = "<group>";
		};
		C0526E3A1394AA94E67262AE /* Frameworks */ = {
			isa = PBXGroup;
			children = (
				764AA8BE3E6D1704A5BAD963 /* Pods_aura.framework */,
			);
			name = Frameworks;
			sourceTree = "<group>";
		};
		FDB0D28D2CF0F3CA00FEDCF6 = {
			isa = PBXGroup;
			children = (
				FDB0D2982CF0F3CA00FEDCF6 /* aura */,
				FDB0D2A92CF0F3CB00FEDCF6 /* auraTests */,
				FDB0D2B32CF0F3CB00FEDCF6 /* auraUITests */,
				FDB0D2972CF0F3CA00FEDCF6 /* Products */,
				A915AEFB386A2B47447FF709 /* Pods */,
				C0526E3A1394AA94E67262AE /* Frameworks */,
			);
			sourceTree = "<group>";
		};
		FDB0D2972CF0F3CA00FEDCF6 /* Products */ = {
			isa = PBXGroup;
			children = (
				FDB0D2962CF0F3CA00FEDCF6 /* aura.app */,
				FDB0D2A62CF0F3CB00FEDCF6 /* auraTests.xctest */,
				FDB0D2B02CF0F3CB00FEDCF6 /* auraUITests.xctest */,
			);
			name = Products;
			sourceTree = "<group>";
		};
/* End PBXGroup section */

/* Begin PBXNativeTarget section */
		FDB0D2952CF0F3CA00FEDCF6 /* aura */ = {
			isa = PBXNativeTarget;
			buildConfigurationList = FDB0D2BA2CF0F3CB00FEDCF6 /* Build configuration list for PBXNativeTarget "aura" */;
			buildPhases = (
				A8C76CC3304870EFF98E2B6E /* [CP] Check Pods Manifest.lock */,
				FDB0D2922CF0F3CA00FEDCF6 /* Sources */,
				FDB0D2932CF0F3CA00FEDCF6 /* Frameworks */,
				FDB0D2942CF0F3CA00FEDCF6 /* Resources */,
				568AE315C16EA2D7AD0D18C2 /* [CP] Embed Pods Frameworks */,
				A3392440C3BCC09A615FE64C /* [CP] Copy Pods Resources */,
			);
			buildRules = (
			);
			dependencies = (
			);
			fileSystemSynchronizedGroups = (
				FDB0D2982CF0F3CA00FEDCF6 /* aura */,
			);
			name = aura;
			productName = aura;
			productReference = FDB0D2962CF0F3CA00FEDCF6 /* aura.app */;
			productType = "com.apple.product-type.application";
		};
		FDB0D2A52CF0F3CB00FEDCF6 /* auraTests */ = {
			isa = PBXNativeTarget;
			buildConfigurationList = FDB0D2BD2CF0F3CB00FEDCF6 /* Build configuration list for PBXNativeTarget "auraTests" */;
			buildPhases = (
				FDB0D2A22CF0F3CB00FEDCF6 /* Sources */,
				FDB0D2A32CF0F3CB00FEDCF6 /* Frameworks */,
				FDB0D2A42CF0F3CB00FEDCF6 /* Resources */,
			);
			buildRules = (
			);
			dependencies = (
				FDB0D2A82CF0F3CB00FEDCF6 /* PBXTargetDependency */,
			);
			fileSystemSynchronizedGroups = (
				FDB0D2A92CF0F3CB00FEDCF6 /* auraTests */,
			);
			name = auraTests;
			productName = auraTests;
			productReference = FDB0D2A62CF0F3CB00FEDCF6 /* auraTests.xctest */;
			productType = "com.apple.product-type.bundle.unit-test";
		};
		FDB0D2AF2CF0F3CB00FEDCF6 /* auraUITests */ = {
			isa = PBXNativeTarget;
			buildConfigurationList = FDB0D2C02CF0F3CB00FEDCF6 /* Build configuration list for PBXNativeTarget "auraUITests" */;
			buildPhases = (
				FDB0D2AC2CF0F3CB00FEDCF6 /* Sources */,
				FDB0D2AD2CF0F3CB00FEDCF6 /* Frameworks */,
				FDB0D2AE2CF0F3CB00FEDCF6 /* Resources */,
			);
			buildRules = (
			);
			dependencies = (
				FDB0D2B22CF0F3CB00FEDCF6 /* PBXTargetDependency */,
			);
			fileSystemSynchronizedGroups = (
				FDB0D2B32CF0F3CB00FEDCF6 /* auraUITests */,
			);
			name = auraUITests;
			productName = auraUITests;
			productReference = FDB0D2B02CF0F3CB00FEDCF6 /* auraUITests.xctest */;
			productType = "com.apple.product-type.bundle.ui-testing";
		};
/* End PBXNativeTarget section */

/* Begin PBXProject section */
		FDB0D28E2CF0F3CA00FEDCF6 /* Project object */ = {
			isa = PBXProject;
			attributes = {
				BuildIndependentTargetsInParallel = 1;
				LastSwiftUpdateCheck = 1600;
				LastUpgradeCheck = 1600;
				TargetAttributes = {
					FDB0D2952CF0F3CA00FEDCF6 = {
						CreatedOnToolsVersion = 16.0;
					};
					FDB0D2A52CF0F3CB00FEDCF6 = {
						CreatedOnToolsVersion = 16.0;
						TestTargetID = FDB0D2952CF0F3CA00FEDCF6;
					};
					FDB0D2AF2CF0F3CB00FEDCF6 = {
						CreatedOnToolsVersion = 16.0;
						TestTargetID = FDB0D2952CF0F3CA00FEDCF6;
					};
				};
			};
			buildConfigurationList = FDB0D2912CF0F3CA00FEDCF6 /* Build configuration list for PBXProject "aura" */;
			developmentRegion = en;
			hasScannedForEncodings = 0;
			knownRegions = (
				en,
				Base,
			);
			mainGroup = FDB0D28D2CF0F3CA00FEDCF6;
			minimizedProjectReferenceProxies = 1;
			packageReferences = (
				FDB78F0E2CF41312006BB625 /* XCRemoteSwiftPackageReference "firebase-ios-sdk" */,
			);
			preferredProjectObjectVersion = 77;
			productRefGroup = FDB0D2972CF0F3CA00FEDCF6 /* Products */;
			projectDirPath = "";
			projectRoot = "";
			targets = (
				FDB0D2952CF0F3CA00FEDCF6 /* aura */,
				FDB0D2A52CF0F3CB00FEDCF6 /* auraTests */,
				FDB0D2AF2CF0F3CB00FEDCF6 /* auraUITests */,
			);
		};
/* End PBXProject section */

/* Begin PBXResourcesBuildPhase section */
		FDB0D2942CF0F3CA00FEDCF6 /* Resources */ = {
			isa = PBXResourcesBuildPhase;
			buildActionMask = 2147483647;
			files = (
			);
			runOnlyForDeploymentPostprocessing = 0;
		};
		FDB0D2A42CF0F3CB00FEDCF6 /* Resources */ = {
			isa = PBXResourcesBuildPhase;
			buildActionMask = 2147483647;
			files = (
			);
			runOnlyForDeploymentPostprocessing = 0;
		};
		FDB0D2AE2CF0F3CB00FEDCF6 /* Resources */ = {
			isa = PBXResourcesBuildPhase;
			buildActionMask = 2147483647;
			files = (
			);
			runOnlyForDeploymentPostprocessing = 0;
		};
/* End PBXResourcesBuildPhase section */

/* Begin PBXShellScriptBuildPhase section */
		568AE315C16EA2D7AD0D18C2 /* [CP] Embed Pods Frameworks */ = {
			isa = PBXShellScriptBuildPhase;
			buildActionMask = 2147483647;
			files = (
			);
			inputFileListPaths = (
				"${PODS_ROOT}/Target Support Files/Pods-aura/Pods-aura-frameworks-${CONFIGURATION}-input-files.xcfilelist",
			);
			name = "[CP] Embed Pods Frameworks";
			outputFileListPaths = (
				"${PODS_ROOT}/Target Support Files/Pods-aura/Pods-aura-frameworks-${CONFIGURATION}-output-files.xcfilelist",
			);
			runOnlyForDeploymentPostprocessing = 0;
			shellPath = /bin/sh;
			shellScript = "\"${PODS_ROOT}/Target Support Files/Pods-aura/Pods-aura-frameworks.sh\"\n";
			showEnvVarsInLog = 0;
		};
		A3392440C3BCC09A615FE64C /* [CP] Copy Pods Resources */ = {
			isa = PBXShellScriptBuildPhase;
			buildActionMask = 2147483647;
			files = (
			);
			inputFileListPaths = (
				"${PODS_ROOT}/Target Support Files/Pods-aura/Pods-aura-resources-${CONFIGURATION}-input-files.xcfilelist",
			);
			name = "[CP] Copy Pods Resources";
			outputFileListPaths = (
				"${PODS_ROOT}/Target Support Files/Pods-aura/Pods-aura-resources-${CONFIGURATION}-output-files.xcfilelist",
			);
			runOnlyForDeploymentPostprocessing = 0;
			shellPath = /bin/sh;
			shellScript = "\"${PODS_ROOT}/Target Support Files/Pods-aura/Pods-aura-resources.sh\"\n";
			showEnvVarsInLog = 0;
		};
		A8C76CC3304870EFF98E2B6E /* [CP] Check Pods Manifest.lock */ = {
			isa = PBXShellScriptBuildPhase;
			buildActionMask = 2147483647;
			files = (
			);
			inputFileListPaths = (
			);
			inputPaths = (
				"${PODS_PODFILE_DIR_PATH}/Podfile.lock",
				"${PODS_ROOT}/Manifest.lock",
			);
			name = "[CP] Check Pods Manifest.lock";
			outputFileListPaths = (
			);
			outputPaths = (
				"$(DERIVED_FILE_DIR)/Pods-aura-checkManifestLockResult.txt",
			);
			runOnlyForDeploymentPostprocessing = 0;
			shellPath = /bin/sh;
			shellScript = "diff \"${PODS_PODFILE_DIR_PATH}/Podfile.lock\" \"${PODS_ROOT}/Manifest.lock\" > /dev/null\nif [ $? != 0 ] ; then\n    # print error to STDERR\n    echo \"error: The sandbox is not in sync with the Podfile.lock. Run 'pod install' or update your CocoaPods installation.\" >&2\n    exit 1\nfi\n# This output is used by Xcode 'outputs' to avoid re-running this script phase.\necho \"SUCCESS\" > \"${SCRIPT_OUTPUT_FILE_0}\"\n";
			showEnvVarsInLog = 0;
		};
/* End PBXShellScriptBuildPhase section */

/* Begin PBXSourcesBuildPhase section */
		FDB0D2922CF0F3CA00FEDCF6 /* Sources */ = {
			isa = PBXSourcesBuildPhase;
			buildActionMask = 2147483647;
			files = (
			);
			runOnlyForDeploymentPostprocessing = 0;
		};
		FDB0D2A22CF0F3CB00FEDCF6 /* Sources */ = {
			isa = PBXSourcesBuildPhase;
			buildActionMask = 2147483647;
			files = (
			);
			runOnlyForDeploymentPostprocessing = 0;
		};
		FDB0D2AC2CF0F3CB00FEDCF6 /* Sources */ = {
			isa = PBXSourcesBuildPhase;
			buildActionMask = 2147483647;
			files = (
			);
			runOnlyForDeploymentPostprocessing = 0;
		};
/* End PBXSourcesBuildPhase section */

/* Begin PBXTargetDependency section */
		FDB0D2A82CF0F3CB00FEDCF6 /* PBXTargetDependency */ = {
			isa = PBXTargetDependency;
			target = FDB0D2952CF0F3CA00FEDCF6 /* aura */;
			targetProxy = FDB0D2A72CF0F3CB00FEDCF6 /* PBXContainerItemProxy */;
		};
		FDB0D2B22CF0F3CB00FEDCF6 /* PBXTargetDependency */ = {
			isa = PBXTargetDependency;
			target = FDB0D2952CF0F3CA00FEDCF6 /* aura */;
			targetProxy = FDB0D2B12CF0F3CB00FEDCF6 /* PBXContainerItemProxy */;
		};
/* End PBXTargetDependency section */

/* Begin XCBuildConfiguration section */
		FDB0D2B82CF0F3CB00FEDCF6 /* Debug */ = {
			isa = XCBuildConfiguration;
			buildSettings = {
				ALWAYS_SEARCH_USER_PATHS = NO;
				ASSETCATALOG_COMPILER_GENERATE_SWIFT_ASSET_SYMBOL_EXTENSIONS = YES;
				CLANG_ANALYZER_NONNULL = YES;
				CLANG_ANALYZER_NUMBER_OBJECT_CONVERSION = YES_AGGRESSIVE;
				CLANG_CXX_LANGUAGE_STANDARD = "gnu++20";
				CLANG_ENABLE_MODULES = YES;
				CLANG_ENABLE_OBJC_ARC = YES;
				CLANG_ENABLE_OBJC_WEAK = YES;
				CLANG_WARN_BLOCK_CAPTURE_AUTORELEASING = YES;
				CLANG_WARN_BOOL_CONVERSION = YES;
				CLANG_WARN_COMMA = YES;
				CLANG_WARN_CONSTANT_CONVERSION = YES;
				CLANG_WARN_DEPRECATED_OBJC_IMPLEMENTATIONS = YES;
				CLANG_WARN_DIRECT_OBJC_ISA_USAGE = YES_ERROR;
				CLANG_WARN_DOCUMENTATION_COMMENTS = YES;
				CLANG_WARN_EMPTY_BODY = YES;
				CLANG_WARN_ENUM_CONVERSION = YES;
				CLANG_WARN_INFINITE_RECURSION = YES;
				CLANG_WARN_INT_CONVERSION = YES;
				CLANG_WARN_NON_LITERAL_NULL_CONVERSION = YES;
				CLANG_WARN_OBJC_IMPLICIT_RETAIN_SELF = YES;
				CLANG_WARN_OBJC_LITERAL_CONVERSION = YES;
				CLANG_WARN_OBJC_ROOT_CLASS = YES_ERROR;
				CLANG_WARN_QUOTED_INCLUDE_IN_FRAMEWORK_HEADER = YES;
				CLANG_WARN_RANGE_LOOP_ANALYSIS = YES;
				CLANG_WARN_STRICT_PROTOTYPES = YES;
				CLANG_WARN_SUSPICIOUS_MOVE = YES;
				CLANG_WARN_UNGUARDED_AVAILABILITY = YES_AGGRESSIVE;
				CLANG_WARN_UNREACHABLE_CODE = YES;
				CLANG_WARN__DUPLICATE_METHOD_MATCH = YES;
				COPY_PHASE_STRIP = NO;
				DEBUG_INFORMATION_FORMAT = dwarf;
				ENABLE_STRICT_OBJC_MSGSEND = YES;
				ENABLE_TESTABILITY = YES;
				ENABLE_USER_SCRIPT_SANDBOXING = NO;
				EXCLUDED_ARCHS = "";
				GCC_C_LANGUAGE_STANDARD = gnu17;
				GCC_DYNAMIC_NO_PIC = NO;
				GCC_NO_COMMON_BLOCKS = YES;
				GCC_OPTIMIZATION_LEVEL = 0;
				GCC_PREPROCESSOR_DEFINITIONS = (
					"DEBUG=1",
					"$(inherited)",
				);
				GCC_WARN_64_TO_32_BIT_CONVERSION = YES;
				GCC_WARN_ABOUT_RETURN_TYPE = YES_ERROR;
				GCC_WARN_UNDECLARED_SELECTOR = YES;
				GCC_WARN_UNINITIALIZED_AUTOS = YES_AGGRESSIVE;
				GCC_WARN_UNUSED_FUNCTION = YES;
				GCC_WARN_UNUSED_VARIABLE = YES;
				INFOPLIST_FILE = "$(SRCROOT)/aura/Info.plist";
				IPHONEOS_DEPLOYMENT_TARGET = 18.0;
				LOCALIZATION_PREFERS_STRING_CATALOGS = YES;
				MTL_ENABLE_DEBUG_INFO = INCLUDE_SOURCE;
				MTL_FAST_MATH = YES;
				ONLY_ACTIVE_ARCH = YES;
				SDKROOT = iphoneos;
				SWIFT_ACTIVE_COMPILATION_CONDITIONS = "DEBUG $(inherited)";
				SWIFT_OPTIMIZATION_LEVEL = "-Onone";
			};
			name = Debug;
		};
		FDB0D2B92CF0F3CB00FEDCF6 /* Release */ = {
			isa = XCBuildConfiguration;
			buildSettings = {
				ALWAYS_SEARCH_USER_PATHS = NO;
				ASSETCATALOG_COMPILER_GENERATE_SWIFT_ASSET_SYMBOL_EXTENSIONS = YES;
				CLANG_ANALYZER_NONNULL = YES;
				CLANG_ANALYZER_NUMBER_OBJECT_CONVERSION = YES_AGGRESSIVE;
				CLANG_CXX_LANGUAGE_STANDARD = "gnu++20";
				CLANG_ENABLE_MODULES = YES;
				CLANG_ENABLE_OBJC_ARC = YES;
				CLANG_ENABLE_OBJC_WEAK = YES;
				CLANG_WARN_BLOCK_CAPTURE_AUTORELEASING = YES;
				CLANG_WARN_BOOL_CONVERSION = YES;
				CLANG_WARN_COMMA = YES;
				CLANG_WARN_CONSTANT_CONVERSION = YES;
				CLANG_WARN_DEPRECATED_OBJC_IMPLEMENTATIONS = YES;
				CLANG_WARN_DIRECT_OBJC_ISA_USAGE = YES_ERROR;
				CLANG_WARN_DOCUMENTATION_COMMENTS = YES;
				CLANG_WARN_EMPTY_BODY = YES;
				CLANG_WARN_ENUM_CONVERSION = YES;
				CLANG_WARN_INFINITE_RECURSION = YES;
				CLANG_WARN_INT_CONVERSION = YES;
				CLANG_WARN_NON_LITERAL_NULL_CONVERSION = YES;
				CLANG_WARN_OBJC_IMPLICIT_RETAIN_SELF = YES;
				CLANG_WARN_OBJC_LITERAL_CONVERSION = YES;
				CLANG_WARN_OBJC_ROOT_CLASS = YES_ERROR;
				CLANG_WARN_QUOTED_INCLUDE_IN_FRAMEWORK_HEADER = YES;
				CLANG_WARN_RANGE_LOOP_ANALYSIS = YES;
				CLANG_WARN_STRICT_PROTOTYPES = YES;
				CLANG_WARN_SUSPICIOUS_MOVE = YES;
				CLANG_WARN_UNGUARDED_AVAILABILITY = YES_AGGRESSIVE;
				CLANG_WARN_UNREACHABLE_CODE = YES;
				CLANG_WARN__DUPLICATE_METHOD_MATCH = YES;
				COPY_PHASE_STRIP = NO;
				DEBUG_INFORMATION_FORMAT = "dwarf-with-dsym";
				ENABLE_NS_ASSERTIONS = NO;
				ENABLE_STRICT_OBJC_MSGSEND = YES;
				ENABLE_USER_SCRIPT_SANDBOXING = NO;
				EXCLUDED_ARCHS = "";
				GCC_C_LANGUAGE_STANDARD = gnu17;
				GCC_NO_COMMON_BLOCKS = YES;
				GCC_WARN_64_TO_32_BIT_CONVERSION = YES;
				GCC_WARN_ABOUT_RETURN_TYPE = YES_ERROR;
				GCC_WARN_UNDECLARED_SELECTOR = YES;
				GCC_WARN_UNINITIALIZED_AUTOS = YES_AGGRESSIVE;
				GCC_WARN_UNUSED_FUNCTION = YES;
				GCC_WARN_UNUSED_VARIABLE = YES;
				INFOPLIST_FILE = "$(SRCROOT)/aura/Info.plist";
				IPHONEOS_DEPLOYMENT_TARGET = 18.0;
				LOCALIZATION_PREFERS_STRING_CATALOGS = YES;
				MTL_ENABLE_DEBUG_INFO = NO;
				MTL_FAST_MATH = YES;
				SDKROOT = iphoneos;
				SWIFT_COMPILATION_MODE = wholemodule;
				VALIDATE_PRODUCT = YES;
			};
			name = Release;
		};
		FDB0D2BB2CF0F3CB00FEDCF6 /* Debug */ = {
			isa = XCBuildConfiguration;
			baseConfigurationReference = 7D81EDF3E1F686BBB5B6FDA9 /* Pods-aura.debug.xcconfig */;
			buildSettings = {
				ASSETCATALOG_COMPILER_APPICON_NAME = AppIcon;
				ASSETCATALOG_COMPILER_GLOBAL_ACCENT_COLOR_NAME = AccentColor;
				CODE_SIGN_STYLE = Automatic;
				CURRENT_PROJECT_VERSION = 1;
				DEVELOPMENT_ASSET_PATHS = "\"aura/Preview Content\"";
				DEVELOPMENT_TEAM = FZ4WG46R7H;
				ENABLE_PREVIEWS = YES;
				ENABLE_USER_SCRIPT_SANDBOXING = NO;
				EXCLUDED_ARCHS = "";
				GENERATE_INFOPLIST_FILE = NO;
				INFOPLIST_FILE = "$(SRCROOT)/aura/Info.plist";
				INFOPLIST_KEY_CFBundleDisplayName = Fiora;
				INFOPLIST_KEY_LSApplicationCategoryType = "public.app-category.healthcare-fitness";
				INFOPLIST_KEY_UIApplicationSceneManifest_Generation = YES;
				INFOPLIST_KEY_UIApplicationSupportsIndirectInputEvents = YES;
				INFOPLIST_KEY_UILaunchScreen_Generation = YES;
				INFOPLIST_KEY_UISupportedInterfaceOrientations_iPad = "UIInterfaceOrientationPortrait UIInterfaceOrientationPortraitUpsideDown UIInterfaceOrientationLandscapeLeft UIInterfaceOrientationLandscapeRight";
				INFOPLIST_KEY_UISupportedInterfaceOrientations_iPhone = "UIInterfaceOrientationPortrait UIInterfaceOrientationLandscapeLeft UIInterfaceOrientationLandscapeRight";
				IPHONEOS_DEPLOYMENT_TARGET = 17.6;
				LD_RUNPATH_SEARCH_PATHS = (
					"$(inherited)",
					"@executable_path/Frameworks",
				);
				MARKETING_VERSION = 1.1;
				PRODUCT_BUNDLE_IDENTIFIER = com.ishan.aura;
				PRODUCT_NAME = "$(TARGET_NAME)";
				SWIFT_EMIT_LOC_STRINGS = YES;
				SWIFT_VERSION = 5.0;
				TARGETED_DEVICE_FAMILY = "1,2";
			};
			name = Debug;
		};
		FDB0D2BC2CF0F3CB00FEDCF6 /* Release */ = {
			isa = XCBuildConfiguration;
			baseConfigurationReference = 0EEFC8477A967408F44E71A7 /* Pods-aura.release.xcconfig */;
			buildSettings = {
				ASSETCATALOG_COMPILER_APPICON_NAME = AppIcon;
				ASSETCATALOG_COMPILER_GLOBAL_ACCENT_COLOR_NAME = AccentColor;
				CODE_SIGN_STYLE = Automatic;
				CURRENT_PROJECT_VERSION = 1;
				DEVELOPMENT_ASSET_PATHS = "\"aura/Preview Content\"";
				DEVELOPMENT_TEAM = FZ4WG46R7H;
				ENABLE_PREVIEWS = YES;
				ENABLE_USER_SCRIPT_SANDBOXING = NO;
				EXCLUDED_ARCHS = "";
				GENERATE_INFOPLIST_FILE = NO;
				INFOPLIST_FILE = "$(SRCROOT)/aura/Info.plist";
				INFOPLIST_KEY_CFBundleDisplayName = Fiora;
				INFOPLIST_KEY_LSApplicationCategoryType = "public.app-category.healthcare-fitness";
				INFOPLIST_KEY_UIApplicationSceneManifest_Generation = YES;
				INFOPLIST_KEY_UIApplicationSupportsIndirectInputEvents = YES;
				INFOPLIST_KEY_UILaunchScreen_Generation = YES;
				INFOPLIST_KEY_UISupportedInterfaceOrientations_iPad = "UIInterfaceOrientationPortrait UIInterfaceOrientationPortraitUpsideDown UIInterfaceOrientationLandscapeLeft UIInterfaceOrientationLandscapeRight";
				INFOPLIST_KEY_UISupportedInterfaceOrientations_iPhone = "UIInterfaceOrientationPortrait UIInterfaceOrientationLandscapeLeft UIInterfaceOrientationLandscapeRight";
				IPHONEOS_DEPLOYMENT_TARGET = 17.6;
				LD_RUNPATH_SEARCH_PATHS = (
					"$(inherited)",
					"@executable_path/Frameworks",
				);
				MARKETING_VERSION = 1.1;
				PRODUCT_BUNDLE_IDENTIFIER = com.ishan.aura;
				PRODUCT_NAME = "$(TARGET_NAME)";
				SWIFT_EMIT_LOC_STRINGS = YES;
				SWIFT_VERSION = 5.0;
				TARGETED_DEVICE_FAMILY = "1,2";
			};
			name = Release;
		};
		FDB0D2BE2CF0F3CB00FEDCF6 /* Debug */ = {
			isa = XCBuildConfiguration;
			buildSettings = {
				BUNDLE_LOADER = "$(TEST_HOST)";
				CODE_SIGN_STYLE = Automatic;
				CURRENT_PROJECT_VERSION = 1;
				DEVELOPMENT_TEAM = FZ4WG46R7H;
				GENERATE_INFOPLIST_FILE = YES;
				IPHONEOS_DEPLOYMENT_TARGET = 18.0;
				MARKETING_VERSION = 1.0;
				PRODUCT_BUNDLE_IDENTIFIER = com.ishan.auraTests;
				PRODUCT_NAME = "$(TARGET_NAME)";
				SWIFT_EMIT_LOC_STRINGS = NO;
				SWIFT_VERSION = 5.0;
				TARGETED_DEVICE_FAMILY = "1,2";
				TEST_HOST = "$(BUILT_PRODUCTS_DIR)/aura.app/$(BUNDLE_EXECUTABLE_FOLDER_PATH)/aura";
			};
			name = Debug;
		};
		FDB0D2BF2CF0F3CB00FEDCF6 /* Release */ = {
			isa = XCBuildConfiguration;
			buildSettings = {
				BUNDLE_LOADER = "$(TEST_HOST)";
				CODE_SIGN_STYLE = Automatic;
				CURRENT_PROJECT_VERSION = 1;
				DEVELOPMENT_TEAM = FZ4WG46R7H;
				GENERATE_INFOPLIST_FILE = YES;
				IPHONEOS_DEPLOYMENT_TARGET = 18.0;
				MARKETING_VERSION = 1.0;
				PRODUCT_BUNDLE_IDENTIFIER = com.ishan.auraTests;
				PRODUCT_NAME = "$(TARGET_NAME)";
				SWIFT_EMIT_LOC_STRINGS = NO;
				SWIFT_VERSION = 5.0;
				TARGETED_DEVICE_FAMILY = "1,2";
				TEST_HOST = "$(BUILT_PRODUCTS_DIR)/aura.app/$(BUNDLE_EXECUTABLE_FOLDER_PATH)/aura";
			};
			name = Release;
		};
		FDB0D2C12CF0F3CB00FEDCF6 /* Debug */ = {
			isa = XCBuildConfiguration;
			buildSettings = {
				CODE_SIGN_STYLE = Automatic;
				CURRENT_PROJECT_VERSION = 1;
				DEVELOPMENT_TEAM = FZ4WG46R7H;
				GENERATE_INFOPLIST_FILE = YES;
				MARKETING_VERSION = 1.0;
				PRODUCT_BUNDLE_IDENTIFIER = com.ishan.auraUITests;
				PRODUCT_NAME = "$(TARGET_NAME)";
				SWIFT_EMIT_LOC_STRINGS = NO;
				SWIFT_VERSION = 5.0;
				TARGETED_DEVICE_FAMILY = "1,2";
				TEST_TARGET_NAME = aura;
			};
			name = Debug;
		};
		FDB0D2C22CF0F3CB00FEDCF6 /* Release */ = {
			isa = XCBuildConfiguration;
			buildSettings = {
				CODE_SIGN_STYLE = Automatic;
				CURRENT_PROJECT_VERSION = 1;
				DEVELOPMENT_TEAM = FZ4WG46R7H;
				GENERATE_INFOPLIST_FILE = YES;
				MARKETING_VERSION = 1.0;
				PRODUCT_BUNDLE_IDENTIFIER = com.ishan.auraUITests;
				PRODUCT_NAME = "$(TARGET_NAME)";
				SWIFT_EMIT_LOC_STRINGS = NO;
				SWIFT_VERSION = 5.0;
				TARGETED_DEVICE_FAMILY = "1,2";
				TEST_TARGET_NAME = aura;
			};
			name = Release;
		};
/* End XCBuildConfiguration section */

/* Begin XCConfigurationList section */
		FDB0D2912CF0F3CA00FEDCF6 /* Build configuration list for PBXProject "aura" */ = {
			isa = XCConfigurationList;
			buildConfigurations = (
				FDB0D2B82CF0F3CB00FEDCF6 /* Debug */,
				FDB0D2B92CF0F3CB00FEDCF6 /* Release */,
			);
			defaultConfigurationIsVisible = 0;
			defaultConfigurationName = Release;
		};
		FDB0D2BA2CF0F3CB00FEDCF6 /* Build configuration list for PBXNativeTarget "aura" */ = {
			isa = XCConfigurationList;
			buildConfigurations = (
				FDB0D2BB2CF0F3CB00FEDCF6 /* Debug */,
				FDB0D2BC2CF0F3CB00FEDCF6 /* Release */,
			);
			defaultConfigurationIsVisible = 0;
			defaultConfigurationName = Release;
		};
		FDB0D2BD2CF0F3CB00FEDCF6 /* Build configuration list for PBXNativeTarget "auraTests" */ = {
			isa = XCConfigurationList;
			buildConfigurations = (
				FDB0D2BE2CF0F3CB00FEDCF6 /* Debug */,
				FDB0D2BF2CF0F3CB00FEDCF6 /* Release */,
			);
			defaultConfigurationIsVisible = 0;
			defaultConfigurationName = Release;
		};
		FDB0D2C02CF0F3CB00FEDCF6 /* Build configuration list for PBXNativeTarget "auraUITests" */ = {
			isa = XCConfigurationList;
			buildConfigurations = (
				FDB0D2C12CF0F3CB00FEDCF6 /* Debug */,
				FDB0D2C22CF0F3CB00FEDCF6 /* Release */,
			);
			defaultConfigurationIsVisible = 0;
			defaultConfigurationName = Release;
		};
/* End XCConfigurationList section */

/* Begin XCRemoteSwiftPackageReference section */
		FDB78F0E2CF41312006BB625 /* XCRemoteSwiftPackageReference "firebase-ios-sdk" */ = {
			isa = XCRemoteSwiftPackageReference;
			repositoryURL = "https://github.com/firebase/firebase-ios-sdk";
			requirement = {
				kind = upToNextMajorVersion;
				minimumVersion = 11.5.0;
			};
		};
/* End XCRemoteSwiftPackageReference section */
	};
	rootObject = FDB0D28E2CF0F3CA00FEDCF6 /* Project object */;
}
